
Microsoft Visual Studio Solution File, Format Version 12.00
# Visual Studio 14
VisualStudioVersion = 14.0.24720.0
MinimumVisualStudioVersion = 10.0.40219.1
Project("{FAE04EC0-301F-11D3-BF4B-00C04F79EFBC}") = "PresentationLayer", "PresentationLayer\PresentationLayer.csproj", "{26D31D51-6FCA-4885-973D-0A0A855D0C60}"
EndProject
Project("{FAE04EC0-301F-11D3-BF4B-00C04F79EFBC}") = "BusinessLogicLayer", "BusinessLogicLayer\BusinessLogicLayer.csproj", "{EF8726ED-6881-42DC-95DC-05993A7EEAAB}"
EndProject
Project("{FAE04EC0-301F-11D3-BF4B-00C04F79EFBC}") = "DataAccessLayer", "DataAccessLayer\DataAccessLayer.csproj", "{971766A2-981F-43AD-B8D9-5772E356AB2A}"
EndProject
Global
	GlobalSection(SolutionConfigurationPlatforms) = preSolution
		Debug|Any CPU = Debug|Any CPU
		Release|Any CPU = Release|Any CPU
	EndGlobalSection
	GlobalSection(ProjectConfigurationPlatforms) = postSolution
		{26D31D51-6FCA-4885-973D-0A0A855D0C60}.Debug|Any CPU.ActiveCfg = Debug|Any CPU
		{26D31D51-6FCA-4885-973D-0A0A855D0C60}.Debug|Any CPU.Build.0 = Debug|Any CPU
		{26D31D51-6FCA-4885-973D-0A0A855D0C60}.Release|Any CPU.ActiveCfg = Release|Any CPU
		{26D31D51-6FCA-4885-973D-0A0A855D0C60}.Release|Any CPU.Build.0 = Release|Any CPU
		{EF8726ED-6881-42DC-95DC-05993A7EEAAB}.Debug|Any CPU.ActiveCfg = Debug|Any CPU
		{EF8726ED-6881-42DC-95DC-05993A7EEAAB}.Debug|Any CPU.Build.0 = Debug|Any CPU
		{EF8726ED-6881-42DC-95DC-05993A7EEAAB}.Release|Any CPU.ActiveCfg = Release|Any CPU
		{EF8726ED-6881-42DC-95DC-05993A7EEAAB}.Release|Any CPU.Build.0 = Release|Any CPU
		{971766A2-981F-43AD-B8D9-5772E356AB2A}.Debug|Any CPU.ActiveCfg = Debug|Any CPU
		{971766A2-981F-43AD-B8D9-5772E356AB2A}.Debug|Any CPU.Build.0 = Debug|Any CPU
		{971766A2-981F-43AD-B8D9-5772E356AB2A}.Release|Any CPU.ActiveCfg = Release|Any CPU
		{971766A2-981F-43AD-B8D9-5772E356AB2A}.Release|Any CPU.Build.0 = Release|Any CPU
	EndGlobalSection
	GlobalSection(SolutionProperties) = preSolution
		HideSolutionNode = FALSE
	EndGlobalSection
EndGlobal
